lockfileVersion: 5.4

specifiers:
  '@thirdweb-dev/chains': ^0.1.13

dependencies:
  '@thirdweb-dev/chains': 0.1.13

packages:

  /@thirdweb-dev/chains/0.1.13:
    resolution: {integrity: sha512-jOE2cQUlhbMuy/wqGaUzXjjDgE+S94gAXNxmj9e6jrDianuW/fVg8BfRxZxNYrtzogU70YR0subf1oBRfgqEAQ==}
    dev: false
